#MicroXplorer Configuration settings - do not modify
CAD.formats=
CAD.pinconfig=
CAD.provider=
Dma.Request0=SDIO_TX
Dma.Request1=SDIO_RX
Dma.Request2=SPI1_RX
Dma.Request3=SPI1_TX
Dma.RequestsNb=4
Dma.SDIO_RX.1.Direction=DMA_PERIPH_TO_MEMORY
Dma.SDIO_RX.1.FIFOMode=DMA_FIFOMODE_ENABLE
Dma.SDIO_RX.1.FIFOThreshold=DMA_FIFO_THRESHOLD_FULL
Dma.SDIO_RX.1.Instance=DMA2_Stream6
Dma.SDIO_RX.1.MemBurst=DMA_MBURST_INC4
Dma.SDIO_RX.1.MemDataAlignment=DMA_MDATAALIGN_WORD
Dma.SDIO_RX.1.MemInc=DMA_MINC_ENABLE
Dma.SDIO_RX.1.Mode=DMA_PFCTRL
Dma.SDIO_RX.1.PeriphBurst=DMA_PBURST_INC4
Dma.SDIO_RX.1.PeriphDataAlignment=DMA_PDATAALIGN_WORD
Dma.SDIO_RX.1.PeriphInc=DMA_PINC_DISABLE
Dma.SDIO_RX.1.Priority=DMA_PRIORITY_MEDIUM
Dma.SDIO_RX.1.RequestParameters=Instance,Direction,PeriphInc,MemInc,PeriphDataAlignment,MemDataAlignment,Mode,Priority,FIFOMode,FIFOThreshold,MemBurst,PeriphBurst
Dma.SDIO_TX.0.Direction=DMA_MEMORY_TO_PERIPH
Dma.SDIO_TX.0.FIFOMode=DMA_FIFOMODE_ENABLE
Dma.SDIO_TX.0.FIFOThreshold=DMA_FIFO_THRESHOLD_FULL
Dma.SDIO_TX.0.Instance=DMA2_Stream3
Dma.SDIO_TX.0.MemBurst=DMA_MBURST_INC4
Dma.SDIO_TX.0.MemDataAlignment=DMA_MDATAALIGN_WORD
Dma.SDIO_TX.0.MemInc=DMA_MINC_ENABLE
Dma.SDIO_TX.0.Mode=DMA_PFCTRL
Dma.SDIO_TX.0.PeriphBurst=DMA_PBURST_INC4
Dma.SDIO_TX.0.PeriphDataAlignment=DMA_PDATAALIGN_WORD
Dma.SDIO_TX.0.PeriphInc=DMA_PINC_DISABLE
Dma.SDIO_TX.0.Priority=DMA_PRIORITY_MEDIUM
Dma.SDIO_TX.0.RequestParameters=Instance,Direction,PeriphInc,MemInc,PeriphDataAlignment,MemDataAlignment,Mode,Priority,FIFOMode,FIFOThreshold,MemBurst,PeriphBurst
Dma.SPI1_RX.2.Direction=DMA_PERIPH_TO_MEMORY
Dma.SPI1_RX.2.FIFOMode=DMA_FIFOMODE_ENABLE
Dma.SPI1_RX.2.FIFOThreshold=DMA_FIFO_THRESHOLD_FULL
Dma.SPI1_RX.2.Instance=DMA2_Stream0
Dma.SPI1_RX.2.MemBurst=DMA_MBURST_SINGLE
Dma.SPI1_RX.2.MemDataAlignment=DMA_MDATAALIGN_BYTE
Dma.SPI1_RX.2.MemInc=DMA_MINC_ENABLE
Dma.SPI1_RX.2.Mode=DMA_NORMAL
Dma.SPI1_RX.2.PeriphBurst=DMA_PBURST_SINGLE
Dma.SPI1_RX.2.PeriphDataAlignment=DMA_PDATAALIGN_BYTE
Dma.SPI1_RX.2.PeriphInc=DMA_PINC_DISABLE
Dma.SPI1_RX.2.Priority=DMA_PRIORITY_HIGH
Dma.SPI1_RX.2.RequestParameters=Instance,Direction,PeriphInc,MemInc,PeriphDataAlignment,MemDataAlignment,Mode,Priority,FIFOMode,FIFOThreshold,MemBurst,PeriphBurst
Dma.SPI1_TX.3.Direction=DMA_MEMORY_TO_PERIPH
Dma.SPI1_TX.3.FIFOMode=DMA_FIFOMODE_ENABLE
Dma.SPI1_TX.3.FIFOThreshold=DMA_FIFO_THRESHOLD_FULL
Dma.SPI1_TX.3.Instance=DMA2_Stream2
Dma.SPI1_TX.3.MemBurst=DMA_MBURST_SINGLE
Dma.SPI1_TX.3.MemDataAlignment=DMA_MDATAALIGN_BYTE
Dma.SPI1_TX.3.MemInc=DMA_MINC_ENABLE
Dma.SPI1_TX.3.Mode=DMA_NORMAL
Dma.SPI1_TX.3.PeriphBurst=DMA_PBURST_SINGLE
Dma.SPI1_TX.3.PeriphDataAlignment=DMA_PDATAALIGN_BYTE
Dma.SPI1_TX.3.PeriphInc=DMA_PINC_DISABLE
Dma.SPI1_TX.3.Priority=DMA_PRIORITY_HIGH
Dma.SPI1_TX.3.RequestParameters=Instance,Direction,PeriphInc,MemInc,PeriphDataAlignment,MemDataAlignment,Mode,Priority,FIFOMode,FIFOThreshold,MemBurst,PeriphBurst
FATFS.IPParameters=_MAX_SS,_CODE_PAGE,_USE_LFN,USE_DMA_CODE_SD
FATFS.USE_DMA_CODE_SD=1
FATFS._CODE_PAGE=850
FATFS._MAX_SS=4096
FATFS._USE_LFN=1
File.Version=6
GPIO.groupedBy=Group By Peripherals
KeepUserPlacement=false
Mcu.CPN=STM32F411RET6
Mcu.Family=STM32F4
Mcu.IP0=DMA
Mcu.IP1=FATFS
Mcu.IP2=NVIC
Mcu.IP3=RCC
Mcu.IP4=SDIO
Mcu.IP5=SPI1
Mcu.IP6=SYS
Mcu.IP7=TIM5
Mcu.IP8=TIM11
Mcu.IP9=USART2
Mcu.IPNb=10
Mcu.Name=STM32F411R(C-E)Tx
Mcu.Package=LQFP64
Mcu.Pin0=PC13-ANTI_TAMP
Mcu.Pin1=PC0
Mcu.Pin10=PC9
Mcu.Pin11=PA9
Mcu.Pin12=PA11
Mcu.Pin13=PA12
Mcu.Pin14=PA13
Mcu.Pin15=PA14
Mcu.Pin16=PC10
Mcu.Pin17=PC11
Mcu.Pin18=PC12
Mcu.Pin19=PD2
Mcu.Pin2=PC1
Mcu.Pin20=PB4
Mcu.Pin21=PB5
Mcu.Pin22=PB6
Mcu.Pin23=VP_FATFS_VS_SDIO
Mcu.Pin24=VP_SYS_VS_Systick
Mcu.Pin25=VP_TIM5_VS_ClockSourceINT
Mcu.Pin26=VP_TIM11_VS_ClockSourceINT
Mcu.Pin3=PA2
Mcu.Pin4=PA3
Mcu.Pin5=PA4
Mcu.Pin6=PA5
Mcu.Pin7=PA6
Mcu.Pin8=PA7
Mcu.Pin9=PC8
Mcu.PinsNb=27
Mcu.ThirdPartyNb=0
Mcu.UserConstants=
Mcu.UserName=STM32F411RETx
MxCube.Version=6.15.0
MxDb.Version=DB.6.0.150
NVIC.BusFault_IRQn=true\:0\:0\:false\:false\:true\:true\:false\:false
NVIC.DMA2_Stream0_IRQn=true\:0\:0\:false\:false\:true\:false\:true\:true
NVIC.DMA2_Stream2_IRQn=true\:0\:0\:false\:false\:true\:false\:true\:true
NVIC.DMA2_Stream3_IRQn=true\:0\:1\:false\:false\:true\:false\:true\:true
NVIC.DMA2_Stream6_IRQn=true\:0\:1\:false\:false\:true\:false\:true\:true
NVIC.DebugMonitor_IRQn=true\:0\:0\:false\:false\:true\:true\:false\:false
NVIC.EXTI15_10_IRQn=true\:0\:3\:false\:false\:true\:true\:true\:true
NVIC.EXTI9_5_IRQn=true\:0\:2\:false\:false\:true\:true\:true\:true
NVIC.ForceEnableDMAVector=true
NVIC.HardFault_IRQn=true\:0\:0\:false\:false\:true\:true\:false\:false
NVIC.MemoryManagement_IRQn=true\:0\:0\:false\:false\:true\:true\:false\:false
NVIC.NonMaskableInt_IRQn=true\:0\:0\:false\:false\:true\:true\:false\:false
NVIC.PendSV_IRQn=true\:0\:0\:false\:false\:true\:false\:false\:false
NVIC.PriorityGroup=NVIC_PRIORITYGROUP_0
NVIC.SDIO_IRQn=true\:0\:0\:false\:false\:true\:true\:true\:true
NVIC.SVCall_IRQn=true\:0\:0\:false\:false\:true\:false\:false\:false
NVIC.SysTick_IRQn=true\:0\:0\:true\:false\:true\:true\:true\:false
NVIC.TIM1_TRG_COM_TIM11_IRQn=true\:0\:1\:true\:false\:true\:true\:true\:true
NVIC.TIM5_IRQn=true\:0\:3\:false\:false\:true\:true\:true\:true
NVIC.UsageFault_IRQn=true\:0\:0\:false\:false\:true\:true\:false\:false
PA11.Locked=true
PA11.Signal=USART6_TX
PA12.Locked=true
PA12.Signal=USART6_RX
PA13.Mode=Serial_Wire
PA13.Signal=SYS_JTMS-SWDIO
PA14.Mode=Serial_Wire
PA14.Signal=SYS_JTCK-SWCLK
PA2.Mode=Asynchronous
PA2.Signal=USART2_TX
PA3.Mode=Asynchronous
PA3.Signal=USART2_RX
PA4.GPIOParameters=GPIO_Label
PA4.GPIO_Label=RecordLed
PA4.Locked=true
PA4.Signal=GPIO_Output
PA5.Locked=true
PA5.Mode=Full_Duplex_Master
PA5.Signal=SPI1_SCK
PA6.Locked=true
PA6.Mode=Full_Duplex_Master
PA6.Signal=SPI1_MISO
PA7.Mode=Full_Duplex_Master
PA7.Signal=SPI1_MOSI
PA9.Locked=true
PA9.Signal=GPXTI9
PB4.GPIOParameters=PinState,GPIO_PuPd,GPIO_ModeDefaultOutputPP
PB4.GPIO_ModeDefaultOutputPP=GPIO_MODE_OUTPUT_OD
PB4.GPIO_PuPd=GPIO_NOPULL
PB4.Locked=true
PB4.PinState=GPIO_PIN_SET
PB4.Signal=GPIO_Output
PB5.GPIOParameters=PinState
PB5.Locked=true
PB5.PinState=GPIO_PIN_RESET
PB5.Signal=GPIO_Output
PB6.Locked=true
PB6.Signal=GPIO_Output
PC0.GPIOParameters=GPIO_Label
PC0.GPIO_Label=ErrorLed
PC0.Locked=true
PC0.Signal=GPIO_Output
PC1.GPIOParameters=GPIO_Label
PC1.GPIO_Label=BlinkLed
PC1.Locked=true
PC1.Signal=GPIO_Output
PC10.Locked=true
PC10.Mode=SD_4_bits_Wide_bus
PC10.Signal=SDIO_D2
PC11.Mode=SD_4_bits_Wide_bus
PC11.Signal=SDIO_D3
PC12.Locked=true
PC12.Mode=SD_4_bits_Wide_bus
PC12.Signal=SDIO_CK
PC13-ANTI_TAMP.Locked=true
PC13-ANTI_TAMP.Signal=GPXTI13
PC8.Locked=true
PC8.Mode=SD_4_bits_Wide_bus
PC8.Signal=SDIO_D0
PC9.Mode=SD_4_bits_Wide_bus
PC9.Signal=SDIO_D1
PD2.Locked=true
PD2.Mode=SD_4_bits_Wide_bus
PD2.Signal=SDIO_CMD
PinOutPanel.RotationAngle=0
ProjectManager.AskForMigrate=true
ProjectManager.BackupPrevious=false
ProjectManager.CompilerLinker=GCC
ProjectManager.CompilerOptimize=6
ProjectManager.ComputerToolchain=false
ProjectManager.CoupleFile=true
ProjectManager.CustomerFirmwarePackage=
ProjectManager.DefaultFWLocation=true
ProjectManager.DeletePrevious=true
ProjectManager.DeviceId=STM32F411RETx
ProjectManager.FirmwarePackage=STM32Cube FW_F4 V1.28.3
ProjectManager.FreePins=false
ProjectManager.HalAssertFull=false
ProjectManager.HeapSize=0x200
ProjectManager.KeepUserCode=true
ProjectManager.LastFirmware=true
ProjectManager.LibraryCopy=1
ProjectManager.MainLocation=Core/Src
ProjectManager.NoMain=false
ProjectManager.PreviousToolchain=
ProjectManager.ProjectBuild=false
ProjectManager.ProjectFileName=accel_inSitu_FIFO_ultraRawData.ioc
ProjectManager.ProjectName=accel_inSitu_FIFO_ultraRawData
ProjectManager.ProjectStructure=
ProjectManager.RegisterCallBack=
ProjectManager.StackSize=0x400
ProjectManager.TargetToolchain=STM32CubeIDE
ProjectManager.ToolChainLocation=
ProjectManager.UAScriptAfterPath=
ProjectManager.UAScriptBeforePath=
ProjectManager.UnderRoot=true
ProjectManager.functionlistsort=1-SystemClock_Config-RCC-false-HAL-false,2-MX_GPIO_Init-GPIO-false-HAL-true,3-MX_DMA_Init-DMA-false-HAL-true,4-MX_SDIO_SD_Init-SDIO-false-HAL-true,5-MX_FATFS_Init-FATFS-false-HAL-false,6-MX_USART2_UART_Init-USART2-false-HAL-true,7-MX_TIM11_Init-TIM11-false-HAL-true,8-MX_SPI1_Init-SPI1-false-HAL-true
RCC.48MHZClocksFreq_Value=40000000
RCC.AHBFreq_Value=100000000
RCC.APB1CLKDivider=RCC_HCLK_DIV2
RCC.APB1Freq_Value=50000000
RCC.APB1TimFreq_Value=100000000
RCC.APB2Freq_Value=100000000
RCC.APB2TimFreq_Value=100000000
RCC.CortexFreq_Value=100000000
RCC.EthernetFreq_Value=100000000
RCC.FCLKCortexFreq_Value=100000000
RCC.FLatency-AdvancedSettings=FLASH_LATENCY_3
RCC.FamilyName=M
RCC.HCLKFreq_Value=100000000
RCC.HSE_VALUE=8000000
RCC.HSI_VALUE=16000000
RCC.I2SClocksFreq_Value=96000000
RCC.IPParameters=48MHZClocksFreq_Value,AHBFreq_Value,APB1CLKDivider,APB1Freq_Value,APB1TimFreq_Value,APB2Freq_Value,APB2TimFreq_Value,CortexFreq_Value,EthernetFreq_Value,FCLKCortexFreq_Value,FLatency-AdvancedSettings,FamilyName,HCLKFreq_Value,HSE_VALUE,HSI_VALUE,I2SClocksFreq_Value,LSE_VALUE,LSI_VALUE,MCO2PinFreq_Value,PLLCLKFreq_Value,PLLM,PLLN,PLLQ,PLLQCLKFreq_Value,RTCFreq_Value,RTCHSEDivFreq_Value,SYSCLKFreq_VALUE,SYSCLKSource,VCOI2SOutputFreq_Value,VCOInputFreq_Value,VCOInputMFreq_Value,VCOOutputFreq_Value,VcooutputI2S
RCC.LSE_VALUE=32768
RCC.LSI_VALUE=32000
RCC.MCO2PinFreq_Value=100000000
RCC.PLLCLKFreq_Value=100000000
RCC.PLLM=8
RCC.PLLN=100
RCC.PLLQ=5
RCC.PLLQCLKFreq_Value=40000000
RCC.RTCFreq_Value=32000
RCC.RTCHSEDivFreq_Value=4000000
RCC.SYSCLKFreq_VALUE=100000000
RCC.SYSCLKSource=RCC_SYSCLKSOURCE_PLLCLK
RCC.VCOI2SOutputFreq_Value=192000000
RCC.VCOInputFreq_Value=2000000
RCC.VCOInputMFreq_Value=1000000
RCC.VCOOutputFreq_Value=200000000
RCC.VcooutputI2S=96000000
SDIO.ClockBypass=SDIO_CLOCK_BYPASS_DISABLE
SDIO.ClockDiv=0
SDIO.HardwareFlowControl=SDIO_HARDWARE_FLOW_CONTROL_DISABLE
SDIO.IPParameters=ClockDiv,ClockBypass,HardwareFlowControl
SH.GPXTI13.0=GPIO_EXTI13
SH.GPXTI13.ConfNb=1
SH.GPXTI9.0=GPIO_EXTI9
SH.GPXTI9.ConfNb=1
SPI1.BaudRatePrescaler=SPI_BAUDRATEPRESCALER_8
SPI1.CLKPhase=SPI_PHASE_1EDGE
SPI1.CLKPolarity=SPI_POLARITY_LOW
SPI1.CalculateBaudRate=12.5 MBits/s
SPI1.Direction=SPI_DIRECTION_2LINES
SPI1.IPParameters=VirtualType,Mode,Direction,CalculateBaudRate,BaudRatePrescaler,CLKPolarity,CLKPhase
SPI1.Mode=SPI_MODE_MASTER
SPI1.VirtualType=VM_MASTER
TIM11.IPParameters=Prescaler,Period
TIM11.Period=2*100
TIM11.Prescaler=50000-1
TIM5.IPParameters=Prescaler,Period
TIM5.Period=2*1000*60*30
TIM5.Prescaler=50000-1
USART2.IPParameters=VirtualMode
USART2.VirtualMode=VM_ASYNC
VP_FATFS_VS_SDIO.Mode=SDIO
VP_FATFS_VS_SDIO.Signal=FATFS_VS_SDIO
VP_SYS_VS_Systick.Mode=SysTick
VP_SYS_VS_Systick.Signal=SYS_VS_Systick
VP_TIM11_VS_ClockSourceINT.Mode=Enable_Timer
VP_TIM11_VS_ClockSourceINT.Signal=TIM11_VS_ClockSourceINT
VP_TIM5_VS_ClockSourceINT.Mode=Internal
VP_TIM5_VS_ClockSourceINT.Signal=TIM5_VS_ClockSourceINT
board=NUCLEO-F411RE
boardIOC=true
isbadioc=false
